
Microsoft Visual Studio Solution File, Format Version 12.00
# Visual Studio Version 16
VisualStudioVersion = 16.0.32002.261
MinimumVisualStudioVersion = 10.0.40219.1
Project("{8BC9CEB8-8B4A-11D0-8D11-00A0C91BC942}") = "MPI_stablo_zbir", "MPI_stablo_zbir\MPI_stablo_zbir.vcxproj", "{F04816D0-2B9B-4A9B-93B1-3EB519B8532F}"
EndProject
Project("{8BC9CEB8-8B4A-11D0-8D11-00A0C91BC942}") = "IRecv_ISend", "IRecv_ISend\IRecv_ISend.vcxproj", "{EB3469A7-B73A-47C9-8938-14020A7FA867}"
EndProject
Project("{8BC9CEB8-8B4A-11D0-8D11-00A0C91BC942}") = "PI_calculation", "PI_calculation\PI_calculation.vcxproj", "{FA505D47-FCBC-48DC-B232-363CE7747CEB}"
EndProject
Project("{8BC9CEB8-8B4A-11D0-8D11-00A0C91BC942}") = "MPI_Zadatrak", "MPI_Zadatrak\MPI_Zadatrak.vcxproj", "{3B5115D3-5A62-4633-802C-C4E896F2E9DC}"
EndProject
Project("{8BC9CEB8-8B4A-11D0-8D11-00A0C91BC942}") = "LAB0", "LAB0\LAB0.vcxproj", "{90515DDC-A8A6-4483-8815-03831001A1B3}"
EndProject
Project("{8BC9CEB8-8B4A-11D0-8D11-00A0C91BC942}") = "LAB1", "LAB1\LAB1.vcxproj", "{F1C1A5E3-42D4-4896-816E-AFE1F28E3548}"
EndProject
Project("{8BC9CEB8-8B4A-11D0-8D11-00A0C91BC942}") = "LAB2", "LAB2\LAB2.vcxproj", "{FE6E0D1A-F32B-49E7-B949-6AFEDF4A9157}"
EndProject
Project("{8BC9CEB8-8B4A-11D0-8D11-00A0C91BC942}") = "LAB4", "LAB4\LAB4.vcxproj", "{711F8516-4AA2-46AF-B73C-8109C71C3E4D}"
EndProject
Project("{8BC9CEB8-8B4A-11D0-8D11-00A0C91BC942}") = "LAB6", "LAB6\LAB6.vcxproj", "{D9E6C7CD-3399-4456-9C7E-F8DF61F7293B}"
EndProject
Project("{8BC9CEB8-8B4A-11D0-8D11-00A0C91BC942}") = "SEPT_2021", "SEPT_2021\SEPT_2021.vcxproj", "{9C0F3733-B6CB-44ED-975E-15999385DF99}"
EndProject
Project("{8BC9CEB8-8B4A-11D0-8D11-00A0C91BC942}") = "OKT_2021", "OKT_2021\OKT_2021.vcxproj", "{764608A3-24FA-422B-B16C-2545F0DCD26A}"
EndProject
Project("{8BC9CEB8-8B4A-11D0-8D11-00A0C91BC942}") = "KOL_2019", "KOL_2019\KOL_2019.vcxproj", "{35563828-1C88-472A-BB9E-CB6E63F98EDE}"
EndProject
Project("{8BC9CEB8-8B4A-11D0-8D11-00A0C91BC942}") = "JAN_2022", "JAN_2022\JAN_2022.vcxproj", "{AF031CE9-E826-4193-A6C5-CB0797EE909F}"
EndProject
Project("{8BC9CEB8-8B4A-11D0-8D11-00A0C91BC942}") = "OKT_2020", "OKT_2020\OKT_2020.vcxproj", "{7B019A33-5A16-42F1-A038-9D0AEABC62FB}"
EndProject
Project("{8BC9CEB8-8B4A-11D0-8D11-00A0C91BC942}") = "JUN_2021", "JUN_2021\JUN_2021.vcxproj", "{137C4968-6F39-4C11-A0BB-32AB303F57C4}"
EndProject
Global
	GlobalSection(SolutionConfigurationPlatforms) = preSolution
		Debug|x64 = Debug|x64
		Debug|x86 = Debug|x86
		Release|x64 = Release|x64
		Release|x86 = Release|x86
	EndGlobalSection
	GlobalSection(ProjectConfigurationPlatforms) = postSolution
		{F04816D0-2B9B-4A9B-93B1-3EB519B8532F}.Debug|x64.ActiveCfg = Debug|x64
		{F04816D0-2B9B-4A9B-93B1-3EB519B8532F}.Debug|x64.Build.0 = Debug|x64
		{F04816D0-2B9B-4A9B-93B1-3EB519B8532F}.Debug|x86.ActiveCfg = Debug|Win32
		{F04816D0-2B9B-4A9B-93B1-3EB519B8532F}.Debug|x86.Build.0 = Debug|Win32
		{F04816D0-2B9B-4A9B-93B1-3EB519B8532F}.Release|x64.ActiveCfg = Release|x64
		{F04816D0-2B9B-4A9B-93B1-3EB519B8532F}.Release|x64.Build.0 = Release|x64
		{F04816D0-2B9B-4A9B-93B1-3EB519B8532F}.Release|x86.ActiveCfg = Release|Win32
		{F04816D0-2B9B-4A9B-93B1-3EB519B8532F}.Release|x86.Build.0 = Release|Win32
		{EB3469A7-B73A-47C9-8938-14020A7FA867}.Debug|x64.ActiveCfg = Debug|x64
		{EB3469A7-B73A-47C9-8938-14020A7FA867}.Debug|x64.Build.0 = Debug|x64
		{EB3469A7-B73A-47C9-8938-14020A7FA867}.Debug|x86.ActiveCfg = Debug|Win32
		{EB3469A7-B73A-47C9-8938-14020A7FA867}.Debug|x86.Build.0 = Debug|Win32
		{EB3469A7-B73A-47C9-8938-14020A7FA867}.Release|x64.ActiveCfg = Release|x64
		{EB3469A7-B73A-47C9-8938-14020A7FA867}.Release|x64.Build.0 = Release|x64
		{EB3469A7-B73A-47C9-8938-14020A7FA867}.Release|x86.ActiveCfg = Release|Win32
		{EB3469A7-B73A-47C9-8938-14020A7FA867}.Release|x86.Build.0 = Release|Win32
		{FA505D47-FCBC-48DC-B232-363CE7747CEB}.Debug|x64.ActiveCfg = Debug|x64
		{FA505D47-FCBC-48DC-B232-363CE7747CEB}.Debug|x64.Build.0 = Debug|x64
		{FA505D47-FCBC-48DC-B232-363CE7747CEB}.Debug|x86.ActiveCfg = Debug|Win32
		{FA505D47-FCBC-48DC-B232-363CE7747CEB}.Debug|x86.Build.0 = Debug|Win32
		{FA505D47-FCBC-48DC-B232-363CE7747CEB}.Release|x64.ActiveCfg = Release|x64
		{FA505D47-FCBC-48DC-B232-363CE7747CEB}.Release|x64.Build.0 = Release|x64
		{FA505D47-FCBC-48DC-B232-363CE7747CEB}.Release|x86.ActiveCfg = Release|Win32
		{FA505D47-FCBC-48DC-B232-363CE7747CEB}.Release|x86.Build.0 = Release|Win32
		{3B5115D3-5A62-4633-802C-C4E896F2E9DC}.Debug|x64.ActiveCfg = Debug|x64
		{3B5115D3-5A62-4633-802C-C4E896F2E9DC}.Debug|x64.Build.0 = Debug|x64
		{3B5115D3-5A62-4633-802C-C4E896F2E9DC}.Debug|x86.ActiveCfg = Debug|Win32
		{3B5115D3-5A62-4633-802C-C4E896F2E9DC}.Debug|x86.Build.0 = Debug|Win32
		{3B5115D3-5A62-4633-802C-C4E896F2E9DC}.Release|x64.ActiveCfg = Release|x64
		{3B5115D3-5A62-4633-802C-C4E896F2E9DC}.Release|x64.Build.0 = Release|x64
		{3B5115D3-5A62-4633-802C-C4E896F2E9DC}.Release|x86.ActiveCfg = Release|Win32
		{3B5115D3-5A62-4633-802C-C4E896F2E9DC}.Release|x86.Build.0 = Release|Win32
		{90515DDC-A8A6-4483-8815-03831001A1B3}.Debug|x64.ActiveCfg = Debug|x64
		{90515DDC-A8A6-4483-8815-03831001A1B3}.Debug|x64.Build.0 = Debug|x64
		{90515DDC-A8A6-4483-8815-03831001A1B3}.Debug|x86.ActiveCfg = Debug|Win32
		{90515DDC-A8A6-4483-8815-03831001A1B3}.Debug|x86.Build.0 = Debug|Win32
		{90515DDC-A8A6-4483-8815-03831001A1B3}.Release|x64.ActiveCfg = Release|x64
		{90515DDC-A8A6-4483-8815-03831001A1B3}.Release|x64.Build.0 = Release|x64
		{90515DDC-A8A6-4483-8815-03831001A1B3}.Release|x86.ActiveCfg = Release|Win32
		{90515DDC-A8A6-4483-8815-03831001A1B3}.Release|x86.Build.0 = Release|Win32
		{F1C1A5E3-42D4-4896-816E-AFE1F28E3548}.Debug|x64.ActiveCfg = Debug|x64
		{F1C1A5E3-42D4-4896-816E-AFE1F28E3548}.Debug|x64.Build.0 = Debug|x64
		{F1C1A5E3-42D4-4896-816E-AFE1F28E3548}.Debug|x86.ActiveCfg = Debug|Win32
		{F1C1A5E3-42D4-4896-816E-AFE1F28E3548}.Debug|x86.Build.0 = Debug|Win32
		{F1C1A5E3-42D4-4896-816E-AFE1F28E3548}.Release|x64.ActiveCfg = Release|x64
		{F1C1A5E3-42D4-4896-816E-AFE1F28E3548}.Release|x64.Build.0 = Release|x64
		{F1C1A5E3-42D4-4896-816E-AFE1F28E3548}.Release|x86.ActiveCfg = Release|Win32
		{F1C1A5E3-42D4-4896-816E-AFE1F28E3548}.Release|x86.Build.0 = Release|Win32
		{FE6E0D1A-F32B-49E7-B949-6AFEDF4A9157}.Debug|x64.ActiveCfg = Debug|x64
		{FE6E0D1A-F32B-49E7-B949-6AFEDF4A9157}.Debug|x64.Build.0 = Debug|x64
		{FE6E0D1A-F32B-49E7-B949-6AFEDF4A9157}.Debug|x86.ActiveCfg = Debug|Win32
		{FE6E0D1A-F32B-49E7-B949-6AFEDF4A9157}.Debug|x86.Build.0 = Debug|Win32
		{FE6E0D1A-F32B-49E7-B949-6AFEDF4A9157}.Release|x64.ActiveCfg = Release|x64
		{FE6E0D1A-F32B-49E7-B949-6AFEDF4A9157}.Release|x64.Build.0 = Release|x64
		{FE6E0D1A-F32B-49E7-B949-6AFEDF4A9157}.Release|x86.ActiveCfg = Release|Win32
		{FE6E0D1A-F32B-49E7-B949-6AFEDF4A9157}.Release|x86.Build.0 = Release|Win32
		{711F8516-4AA2-46AF-B73C-8109C71C3E4D}.Debug|x64.ActiveCfg = Debug|x64
		{711F8516-4AA2-46AF-B73C-8109C71C3E4D}.Debug|x64.Build.0 = Debug|x64
		{711F8516-4AA2-46AF-B73C-8109C71C3E4D}.Debug|x86.ActiveCfg = Debug|Win32
		{711F8516-4AA2-46AF-B73C-8109C71C3E4D}.Debug|x86.Build.0 = Debug|Win32
		{711F8516-4AA2-46AF-B73C-8109C71C3E4D}.Release|x64.ActiveCfg = Release|x64
		{711F8516-4AA2-46AF-B73C-8109C71C3E4D}.Release|x64.Build.0 = Release|x64
		{711F8516-4AA2-46AF-B73C-8109C71C3E4D}.Release|x86.ActiveCfg = Release|Win32
		{711F8516-4AA2-46AF-B73C-8109C71C3E4D}.Release|x86.Build.0 = Release|Win32
		{D9E6C7CD-3399-4456-9C7E-F8DF61F7293B}.Debug|x64.ActiveCfg = Debug|x64
		{D9E6C7CD-3399-4456-9C7E-F8DF61F7293B}.Debug|x64.Build.0 = Debug|x64
		{D9E6C7CD-3399-4456-9C7E-F8DF61F7293B}.Debug|x86.ActiveCfg = Debug|Win32
		{D9E6C7CD-3399-4456-9C7E-F8DF61F7293B}.Debug|x86.Build.0 = Debug|Win32
		{D9E6C7CD-3399-4456-9C7E-F8DF61F7293B}.Release|x64.ActiveCfg = Release|x64
		{D9E6C7CD-3399-4456-9C7E-F8DF61F7293B}.Release|x64.Build.0 = Release|x64
		{D9E6C7CD-3399-4456-9C7E-F8DF61F7293B}.Release|x86.ActiveCfg = Release|Win32
		{D9E6C7CD-3399-4456-9C7E-F8DF61F7293B}.Release|x86.Build.0 = Release|Win32
		{9C0F3733-B6CB-44ED-975E-15999385DF99}.Debug|x64.ActiveCfg = Debug|x64
		{9C0F3733-B6CB-44ED-975E-15999385DF99}.Debug|x64.Build.0 = Debug|x64
		{9C0F3733-B6CB-44ED-975E-15999385DF99}.Debug|x86.ActiveCfg = Debug|Win32
		{9C0F3733-B6CB-44ED-975E-15999385DF99}.Debug|x86.Build.0 = Debug|Win32
		{9C0F3733-B6CB-44ED-975E-15999385DF99}.Release|x64.ActiveCfg = Release|x64
		{9C0F3733-B6CB-44ED-975E-15999385DF99}.Release|x64.Build.0 = Release|x64
		{9C0F3733-B6CB-44ED-975E-15999385DF99}.Release|x86.ActiveCfg = Release|Win32
		{9C0F3733-B6CB-44ED-975E-15999385DF99}.Release|x86.Build.0 = Release|Win32
		{764608A3-24FA-422B-B16C-2545F0DCD26A}.Debug|x64.ActiveCfg = Debug|x64
		{764608A3-24FA-422B-B16C-2545F0DCD26A}.Debug|x64.Build.0 = Debug|x64
		{764608A3-24FA-422B-B16C-2545F0DCD26A}.Debug|x86.ActiveCfg = Debug|Win32
		{764608A3-24FA-422B-B16C-2545F0DCD26A}.Debug|x86.Build.0 = Debug|Win32
		{764608A3-24FA-422B-B16C-2545F0DCD26A}.Release|x64.ActiveCfg = Release|x64
		{764608A3-24FA-422B-B16C-2545F0DCD26A}.Release|x64.Build.0 = Release|x64
		{764608A3-24FA-422B-B16C-2545F0DCD26A}.Release|x86.ActiveCfg = Release|Win32
		{764608A3-24FA-422B-B16C-2545F0DCD26A}.Release|x86.Build.0 = Release|Win32
		{35563828-1C88-472A-BB9E-CB6E63F98EDE}.Debug|x64.ActiveCfg = Debug|x64
		{35563828-1C88-472A-BB9E-CB6E63F98EDE}.Debug|x64.Build.0 = Debug|x64
		{35563828-1C88-472A-BB9E-CB6E63F98EDE}.Debug|x86.ActiveCfg = Debug|Win32
		{35563828-1C88-472A-BB9E-CB6E63F98EDE}.Debug|x86.Build.0 = Debug|Win32
		{35563828-1C88-472A-BB9E-CB6E63F98EDE}.Release|x64.ActiveCfg = Release|x64
		{35563828-1C88-472A-BB9E-CB6E63F98EDE}.Release|x64.Build.0 = Release|x64
		{35563828-1C88-472A-BB9E-CB6E63F98EDE}.Release|x86.ActiveCfg = Release|Win32
		{35563828-1C88-472A-BB9E-CB6E63F98EDE}.Release|x86.Build.0 = Release|Win32
		{AF031CE9-E826-4193-A6C5-CB0797EE909F}.Debug|x64.ActiveCfg = Debug|x64
		{AF031CE9-E826-4193-A6C5-CB0797EE909F}.Debug|x64.Build.0 = Debug|x64
		{AF031CE9-E826-4193-A6C5-CB0797EE909F}.Debug|x86.ActiveCfg = Debug|Win32
		{AF031CE9-E826-4193-A6C5-CB0797EE909F}.Debug|x86.Build.0 = Debug|Win32
		{AF031CE9-E826-4193-A6C5-CB0797EE909F}.Release|x64.ActiveCfg = Release|x64
		{AF031CE9-E826-4193-A6C5-CB0797EE909F}.Release|x64.Build.0 = Release|x64
		{AF031CE9-E826-4193-A6C5-CB0797EE909F}.Release|x86.ActiveCfg = Release|Win32
		{AF031CE9-E826-4193-A6C5-CB0797EE909F}.Release|x86.Build.0 = Release|Win32
		{7B019A33-5A16-42F1-A038-9D0AEABC62FB}.Debug|x64.ActiveCfg = Debug|x64
		{7B019A33-5A16-42F1-A038-9D0AEABC62FB}.Debug|x64.Build.0 = Debug|x64
		{7B019A33-5A16-42F1-A038-9D0AEABC62FB}.Debug|x86.ActiveCfg = Debug|Win32
		{7B019A33-5A16-42F1-A038-9D0AEABC62FB}.Debug|x86.Build.0 = Debug|Win32
		{7B019A33-5A16-42F1-A038-9D0AEABC62FB}.Release|x64.ActiveCfg = Release|x64
		{7B019A33-5A16-42F1-A038-9D0AEABC62FB}.Release|x64.Build.0 = Release|x64
		{7B019A33-5A16-42F1-A038-9D0AEABC62FB}.Release|x86.ActiveCfg = Release|Win32
		{7B019A33-5A16-42F1-A038-9D0AEABC62FB}.Release|x86.Build.0 = Release|Win32
		{137C4968-6F39-4C11-A0BB-32AB303F57C4}.Debug|x64.ActiveCfg = Debug|x64
		{137C4968-6F39-4C11-A0BB-32AB303F57C4}.Debug|x64.Build.0 = Debug|x64
		{137C4968-6F39-4C11-A0BB-32AB303F57C4}.Debug|x86.ActiveCfg = Debug|Win32
		{137C4968-6F39-4C11-A0BB-32AB303F57C4}.Debug|x86.Build.0 = Debug|Win32
		{137C4968-6F39-4C11-A0BB-32AB303F57C4}.Release|x64.ActiveCfg = Release|x64
		{137C4968-6F39-4C11-A0BB-32AB303F57C4}.Release|x64.Build.0 = Release|x64
		{137C4968-6F39-4C11-A0BB-32AB303F57C4}.Release|x86.ActiveCfg = Release|Win32
		{137C4968-6F39-4C11-A0BB-32AB303F57C4}.Release|x86.Build.0 = Release|Win32
	EndGlobalSection
	GlobalSection(SolutionProperties) = preSolution
		HideSolutionNode = FALSE
	EndGlobalSection
	GlobalSection(ExtensibilityGlobals) = postSolution
		SolutionGuid = {62213CF3-1B31-4B7E-9F0B-B425F32DCBF2}
	EndGlobalSection
EndGlobal
